// !$*UTF8*$!
{
	archiveVersion = 1;
	classes = {
	};
	objectVersion = 55;
	objects = {

/* Begin PBXBuildFile section */
		3C6FB825722E5BAAF298DA22 /* Pods_ProductList.framework in Frameworks */ = {isa = PBXBuildFile; fileRef = 95713A87555AAB2B60D725E4 /* Pods_ProductList.framework */; };
		F9AE9D2429703F57005F2968 /* AppDelegate.swift in Sources */ = {isa = PBXBuildFile; fileRef = F9AE9D2329703F57005F2968 /* AppDelegate.swift */; };
		F9AE9D2629703F57005F2968 /* SceneDelegate.swift in Sources */ = {isa = PBXBuildFile; fileRef = F9AE9D2529703F57005F2968 /* SceneDelegate.swift */; };
		F9AE9D2829703F57005F2968 /* ViewController.swift in Sources */ = {isa = PBXBuildFile; fileRef = F9AE9D2729703F57005F2968 /* ViewController.swift */; };
		F9AE9D2D29703F58005F2968 /* Assets.xcassets in Resources */ = {isa = PBXBuildFile; fileRef = F9AE9D2C29703F58005F2968 /* Assets.xcassets */; };
		F9AE9D3029703F58005F2968 /* LaunchScreen.storyboard in Resources */ = {isa = PBXBuildFile; fileRef = F9AE9D2E29703F58005F2968 /* LaunchScreen.storyboard */; };
		F9BDD327297041F900B21779 /* Products.swift in Sources */ = {isa = PBXBuildFile; fileRef = F9BDD326297041F900B21779 /* Products.swift */; };
		F9BDD3292970425400B21779 /* ProductTableViewCell.swift in Sources */ = {isa = PBXBuildFile; fileRef = F9BDD3282970425400B21779 /* ProductTableViewCell.swift */; };
/* End PBXBuildFile section */

/* Begin PBXFileReference section */
		906FA2D8BCF2D46A85F9A329 /* Pods-ProductList.debug.xcconfig */ = {isa = PBXFileReference; includeInIndex = 1; lastKnownFileType = text.xcconfig; name = "Pods-ProductList.debug.xcconfig"; path = "Target Support Files/Pods-ProductList/Pods-ProductList.debug.xcconfig"; sourceTree = "<group>"; };
		95713A87555AAB2B60D725E4 /* Pods_ProductList.framework */ = {isa = PBXFileReference; explicitFileType = wrapper.framework; includeInIndex = 0; path = Pods_ProductList.framework; sourceTree = BUILT_PRODUCTS_DIR; };
		F9AE9D2029703F57005F2968 /* ProductList.app */ = {isa = PBXFileReference; explicitFileType = wrapper.application; includeInIndex = 0; path = ProductList.app; sourceTree = BUILT_PRODUCTS_DIR; };
		F9AE9D2329703F57005F2968 /* AppDelegate.swift */ = {isa = PBXFileReference; lastKnownFileType = sourcecode.swift; path = AppDelegate.swift; sourceTree = "<group>"; };
		F9AE9D2529703F57005F2968 /* SceneDelegate.swift */ = {isa = PBXFileReference; lastKnownFileType = sourcecode.swift; path = SceneDelegate.swift; sourceTree = "<group>"; };
		F9AE9D2729703F57005F2968 /* ViewController.swift */ = {isa = PBXFileReference; lastKnownFileType = sourcecode.swift; path = ViewController.swift; sourceTree = "<group>"; };
		F9AE9D2C29703F58005F2968 /* Assets.xcassets */ = {isa = PBXFileReference; lastKnownFileType = folder.assetcatalog; path = Assets.xcassets; sourceTree = "<group>"; };
		F9AE9D2F29703F58005F2968 /* Base */ = {isa = PBXFileReference; lastKnownFileType = file.storyboard; name = Base; path = Base.lproj/LaunchScreen.storyboard; sourceTree = "<group>"; };
		F9AE9D3129703F58005F2968 /* Info.plist */ = {isa = PBXFileReference; lastKnownFileType = text.plist.xml; path = Info.plist; sourceTree = "<group>"; };
		F9BDD326297041F900B21779 /* Products.swift */ = {isa = PBXFileReference; lastKnownFileType = sourcecode.swift; path = Products.swift; sourceTree = "<group>"; };
		F9BDD3282970425400B21779 /* ProductTableViewCell.swift */ = {isa = PBXFileReference; lastKnownFileType = sourcecode.swift; path = ProductTableViewCell.swift; sourceTree = "<group>"; };
		FE1D4F1A26ABB25E9C738B08 /* Pods-ProductList.release.xcconfig */ = {isa = PBXFileReference; includeInIndex = 1; lastKnownFileType = text.xcconfig; name = "Pods-ProductList.release.xcconfig"; path = "Target Support Files/Pods-ProductList/Pods-ProductList.release.xcconfig"; sourceTree = "<group>"; };
/* End PBXFileReference section */

/* Begin PBXFrameworksBuildPhase section */
		F9AE9D1D29703F57005F2968 /* Frameworks */ = {
			isa = PBXFrameworksBuildPhase;
			buildActionMask = 2147483647;
			files = (
				3C6FB825722E5BAAF298DA22 /* Pods_ProductList.framework in Frameworks */,
			);
			runOnlyForDeploymentPostprocessing = 0;
		};
/* End PBXFrameworksBuildPhase section */

/* Begin PBXGroup section */
		025F55B84EED35D24B571805 /* Pods */ = {
			isa = PBXGroup;
			children = (
				906FA2D8BCF2D46A85F9A329 /* Pods-ProductList.debug.xcconfig */,
				FE1D4F1A26ABB25E9C738B08 /* Pods-ProductList.release.xcconfig */,
			);
			path = Pods;
			sourceTree = "<group>";
		};
		87F7F931649DD1ED7610791A /* Frameworks */ = {
			isa = PBXGroup;
			children = (
				95713A87555AAB2B60D725E4 /* Pods_ProductList.framework */,
			);
			name = Frameworks;
			sourceTree = "<group>";
		};
		F9AE9D1729703F57005F2968 = {
			isa = PBXGroup;
			children = (
				F9AE9D2229703F57005F2968 /* ProductList */,
				F9AE9D2129703F57005F2968 /* Products */,
				025F55B84EED35D24B571805 /* Pods */,
				87F7F931649DD1ED7610791A /* Frameworks */,
			);
			sourceTree = "<group>";
		};
		F9AE9D2129703F57005F2968 /* Products */ = {
			isa = PBXGroup;
			children = (
				F9AE9D2029703F57005F2968 /* ProductList.app */,
			);
			name = Products;
			sourceTree = "<group>";
		};
		F9AE9D2229703F57005F2968 /* ProductList */ = {
			isa = PBXGroup;
			children = (
				F9AE9D2329703F57005F2968 /* AppDelegate.swift */,
				F9BDD326297041F900B21779 /* Products.swift */,
				F9BDD3282970425400B21779 /* ProductTableViewCell.swift */,
				F9AE9D2529703F57005F2968 /* SceneDelegate.swift */,
				F9AE9D2729703F57005F2968 /* ViewController.swift */,
				F9AE9D2C29703F58005F2968 /* Assets.xcassets */,
				F9AE9D2E29703F58005F2968 /* LaunchScreen.storyboard */,
				F9AE9D3129703F58005F2968 /* Info.plist */,
			);
			path = ProductList;
			sourceTree = "<group>";
		};
/* End PBXGroup section */

/* Begin PBXNativeTarget section */
		F9AE9D1F29703F57005F2968 /* ProductList */ = {
			isa = PBXNativeTarget;
			buildConfigurationList = F9AE9D3429703F58005F2968 /* Build configuration list for PBXNativeTarget "ProductList" */;
			buildPhases = (
				B76172C3F8195CD569590EC1 /* [CP] Check Pods Manifest.lock */,
				F9AE9D1C29703F57005F2968 /* Sources */,
				F9AE9D1D29703F57005F2968 /* Frameworks */,
				F9AE9D1E29703F57005F2968 /* Resources */,
				1C3E0756D97D17ED377121D0 /* [CP] Embed Pods Frameworks */,
			);
			buildRules = (
			);
			dependencies = (
			);
			name = ProductList;
			productName = ProductList;
			productReference = F9AE9D2029703F57005F2968 /* ProductList.app */;
			productType = "com.apple.product-type.application";
		};
/* End PBXNativeTarget section */

/* Begin PBXProject section */
		F9AE9D1829703F57005F2968 /* Project object */ = {
			isa = PBXProject;
			attributes = {
				BuildIndependentTargetsInParallel = 1;
				LastSwiftUpdateCheck = 1420;
				LastUpgradeCheck = 1420;
				TargetAttributes = {
					F9AE9D1F29703F57005F2968 = {
						CreatedOnToolsVersion = 14.2;
					};
				};
			};
			buildConfigurationList = F9AE9D1B29703F57005F2968 /* Build configuration list for PBXProject "ProductList" */;
			compatibilityVersion = "Xcode 13.0";
			developmentRegion = en;
			hasScannedForEncodings = 0;
			knownRegions = (
				en,
				Base,
			);
			mainGroup = F9AE9D1729703F57005F2968;
			productRefGroup = F9AE9D2129703F57005F2968 /* Products */;
			projectDirPath = "";
			projectRoot = "";
			targets = (
				F9AE9D1F29703F57005F2968 /* ProductList */,
			);
		};
/* End PBXProject section */

/* Begin PBXResourcesBuildPhase section */
		F9AE9D1E29703F57005F2968 /* Resources */ = {
			isa = PBXResourcesBuildPhase;
			buildActionMask = 2147483647;
			files = (
				F9AE9D3029703F58005F2968 /* LaunchScreen.storyboard in Resources */,
				F9AE9D2D29703F58005F2968 /* Assets.xcassets in Resources */,
			);
			runOnlyForDeploymentPostprocessing = 0;
		};
/* End PBXResourcesBuildPhase section */

/* Begin PBXShellScriptBuildPhase section */
		1C3E0756D97D17ED377121D0 /* [CP] Embed Pods Frameworks */ = {
			isa = PBXShellScriptBuildPhase;
			buildActionMask = 2147483647;
			files = (
			);
			inputFileListPaths = (
				"${PODS_ROOT}/Target Support Files/Pods-ProductList/Pods-ProductList-frameworks-${CONFIGURATION}-input-files.xcfilelist",
			);
			name = "[CP] Embed Pods Frameworks";
			outputFileListPaths = (
				"${PODS_ROOT}/Target Support Files/Pods-ProductList/Pods-ProductList-frameworks-${CONFIGURATION}-output-files.xcfilelist",
			);
			runOnlyForDeploymentPostprocessing = 0;
			shellPath = /bin/sh;
			shellScript = "\"${PODS_ROOT}/Target Support Files/Pods-ProductList/Pods-ProductList-frameworks.sh\"\n";
			showEnvVarsInLog = 0;
		};
		B76172C3F8195CD569590EC1 /* [CP] Check Pods Manifest.lock */ = {
			isa = PBXShellScriptBuildPhase;
			buildActionMask = 2147483647;
			files = (
			);
			inputFileListPaths = (
			);
			inputPaths = (
				"${PODS_PODFILE_DIR_PATH}/Podfile.lock",
				"${PODS_ROOT}/Manifest.lock",
			);
			name = "[CP] Check Pods Manifest.lock";
			outputFileListPaths = (
			);
			outputPaths = (
				"$(DERIVED_FILE_DIR)/Pods-ProductList-checkManifestLockResult.txt",
			);
			runOnlyForDeploymentPostprocessing = 0;
			shellPath = /bin/sh;
			shellScript = "diff \"${PODS_PODFILE_DIR_PATH}/Podfile.lock\" \"${PODS_ROOT}/Manifest.lock\" > /dev/null\nif [ $? != 0 ] ; then\n    # print error to STDERR\n    echo \"error: The sandbox is not in sync with the Podfile.lock. Run 'pod install' or update your CocoaPods installation.\" >&2\n    exit 1\nfi\n# This output is used by Xcode 'outputs' to avoid re-running this script phase.\necho \"SUCCESS\" > \"${SCRIPT_OUTPUT_FILE_0}\"\n";
			showEnvVarsInLog = 0;
		};
/* End PBXShellScriptBuildPhase section */

/* Begin PBXSourcesBuildPhase section */
		F9AE9D1C29703F57005F2968 /* Sources */ = {
			isa = PBXSourcesBuildPhase;
			buildActionMask = 2147483647;
			files = (
				F9AE9D2829703F57005F2968 /* ViewController.swift in Sources */,
				F9BDD327297041F900B21779 /* Products.swift in Sources */,
				F9BDD3292970425400B21779 /* ProductTableViewCell.swift in Sources */,
				F9AE9D2429703F57005F2968 /* AppDelegate.swift in Sources */,
				F9AE9D2629703F57005F2968 /* SceneDelegate.swift in Sources */,
			);
			runOnlyForDeploymentPostprocessing = 0;
		};
/* End PBXSourcesBuildPhase section */

/* Begin PBXVariantGroup section */
		F9AE9D2E29703F58005F2968 /* LaunchScreen.storyboard */ = {
			isa = PBXVariantGroup;
			children = (
				F9AE9D2F29703F58005F2968 /* Base */,
			);
			name = LaunchScreen.storyboard;
			sourceTree = "<group>";
		};
/* End PBXVariantGroup section */

/* Begin XCBuildConfiguration section */
		F9AE9D3229703F58005F2968 /* Debug */ = {
			isa = XCBuildConfiguration;
			buildSettings = {
				ALWAYS_SEARCH_USER_PATHS = NO;
				CLANG_ANALYZER_NONNULL = YES;
				CLANG_ANALYZER_NUMBER_OBJECT_CONVERSION = YES_AGGRESSIVE;
				CLANG_CXX_LANGUAGE_STANDARD = "gnu++20";
				CLANG_ENABLE_MODULES = YES;
				CLANG_ENABLE_OBJC_ARC = YES;
				CLANG_ENABLE_OBJC_WEAK = YES;
				CLANG_WARN_BLOCK_CAPTURE_AUTORELEASING = YES;
				CLANG_WARN_BOOL_CONVERSION = YES;
				CLANG_WARN_COMMA = YES;
				CLANG_WARN_CONSTANT_CONVERSION = YES;
				CLANG_WARN_DEPRECATED_OBJC_IMPLEMENTATIONS = YES;
				CLANG_WARN_DIRECT_OBJC_ISA_USAGE = YES_ERROR;
				CLANG_WARN_DOCUMENTATION_COMMENTS = YES;
				CLANG_WARN_EMPTY_BODY = YES;
				CLANG_WARN_ENUM_CONVERSION = YES;
				CLANG_WARN_INFINITE_RECURSION = YES;
				CLANG_WARN_INT_CONVERSION = YES;
				CLANG_WARN_NON_LITERAL_NULL_CONVERSION = YES;
				CLANG_WARN_OBJC_IMPLICIT_RETAIN_SELF = YES;
				CLANG_WARN_OBJC_LITERAL_CONVERSION = YES;
				CLANG_WARN_OBJC_ROOT_CLASS = YES_ERROR;
				CLANG_WARN_QUOTED_INCLUDE_IN_FRAMEWORK_HEADER = YES;
				CLANG_WARN_RANGE_LOOP_ANALYSIS = YES;
				CLANG_WARN_STRICT_PROTOTYPES = YES;
				CLANG_WARN_SUSPICIOUS_MOVE = YES;
				CLANG_WARN_UNGUARDED_AVAILABILITY = YES_AGGRESSIVE;
				CLANG_WARN_UNREACHABLE_CODE = YES;
				CLANG_WARN__DUPLICATE_METHOD_MATCH = YES;
				COPY_PHASE_STRIP = NO;
				DEBUG_INFORMATION_FORMAT = dwarf;
				ENABLE_STRICT_OBJC_MSGSEND = YES;
				ENABLE_TESTABILITY = YES;
				GCC_C_LANGUAGE_STANDARD = gnu11;
				GCC_DYNAMIC_NO_PIC = NO;
				GCC_NO_COMMON_BLOCKS = YES;
				GCC_OPTIMIZATION_LEVEL = 0;
				GCC_PREPROCESSOR_DEFINITIONS = (
					"DEBUG=1",
					"$(inherited)",
				);
				GCC_WARN_64_TO_32_BIT_CONVERSION = YES;
				GCC_WARN_ABOUT_RETURN_TYPE = YES_ERROR;
				GCC_WARN_UNDECLARED_SELECTOR = YES;
				GCC_WARN_UNINITIALIZED_AUTOS = YES_AGGRESSIVE;
				GCC_WARN_UNUSED_FUNCTION = YES;
				GCC_WARN_UNUSED_VARIABLE = YES;
				IPHONEOS_DEPLOYMENT_TARGET = 16.2;
				MTL_ENABLE_DEBUG_INFO = INCLUDE_SOURCE;
				MTL_FAST_MATH = YES;
				ONLY_ACTIVE_ARCH = YES;
				SDKROOT = iphoneos;
				SWIFT_ACTIVE_COMPILATION_CONDITIONS = DEBUG;
				SWIFT_OPTIMIZATION_LEVEL = "-Onone";
			};
			name = Debug;
		};
		F9AE9D3329703F58005F2968 /* Release */ = {
			isa = XCBuildConfiguration;
			buildSettings = {
				ALWAYS_SEARCH_USER_PATHS = NO;
				CLANG_ANALYZER_NONNULL = YES;
				CLANG_ANALYZER_NUMBER_OBJECT_CONVERSION = YES_AGGRESSIVE;
				CLANG_CXX_LANGUAGE_STANDARD = "gnu++20";
				CLANG_ENABLE_MODULES = YES;
				CLANG_ENABLE_OBJC_ARC = YES;
				CLANG_ENABLE_OBJC_WEAK = YES;
				CLANG_WARN_BLOCK_CAPTURE_AUTORELEASING = YES;
				CLANG_WARN_BOOL_CONVERSION = YES;
				CLANG_WARN_COMMA = YES;
				CLANG_WARN_CONSTANT_CONVERSION = YES;
				CLANG_WARN_DEPRECATED_OBJC_IMPLEMENTATIONS = YES;
				CLANG_WARN_DIRECT_OBJC_ISA_USAGE = YES_ERROR;
				CLANG_WARN_DOCUMENTATION_COMMENTS = YES;
				CLANG_WARN_EMPTY_BODY = YES;
				CLANG_WARN_ENUM_CONVERSION = YES;
				CLANG_WARN_INFINITE_RECURSION = YES;
				CLANG_WARN_INT_CONVERSION = YES;
				CLANG_WARN_NON_LITERAL_NULL_CONVERSION = YES;
				CLANG_WARN_OBJC_IMPLICIT_RETAIN_SELF = YES;
				CLANG_WARN_OBJC_LITERAL_CONVERSION = YES;
				CLANG_WARN_OBJC_ROOT_CLASS = YES_ERROR;
				CLANG_WARN_QUOTED_INCLUDE_IN_FRAMEWORK_HEADER = YES;
				CLANG_WARN_RANGE_LOOP_ANALYSIS = YES;
				CLANG_WARN_STRICT_PROTOTYPES = YES;
				CLANG_WARN_SUSPICIOUS_MOVE = YES;
				CLANG_WARN_UNGUARDED_AVAILABILITY = YES_AGGRESSIVE;
				CLANG_WARN_UNREACHABLE_CODE = YES;
				CLANG_WARN__DUPLICATE_METHOD_MATCH = YES;
				COPY_PHASE_STRIP = NO;
				DEBUG_INFORMATION_FORMAT = "dwarf-with-dsym";
				ENABLE_NS_ASSERTIONS = NO;
				ENABLE_STRICT_OBJC_MSGSEND = YES;
				GCC_C_LANGUAGE_STANDARD = gnu11;
				GCC_NO_COMMON_BLOCKS = YES;
				GCC_WARN_64_TO_32_BIT_CONVERSION = YES;
				GCC_WARN_ABOUT_RETURN_TYPE = YES_ERROR;
				GCC_WARN_UNDECLARED_SELECTOR = YES;
				GCC_WARN_UNINITIALIZED_AUTOS = YES_AGGRESSIVE;
				GCC_WARN_UNUSED_FUNCTION = YES;
				GCC_WARN_UNUSED_VARIABLE = YES;
				IPHONEOS_DEPLOYMENT_TARGET = 16.2;
				MTL_ENABLE_DEBUG_INFO = NO;
				MTL_FAST_MATH = YES;
				SDKROOT = iphoneos;
				SWIFT_COMPILATION_MODE = wholemodule;
				SWIFT_OPTIMIZATION_LEVEL = "-O";
				VALIDATE_PRODUCT = YES;
			};
			name = Release;
		};
		F9AE9D3529703F58005F2968 /* Debug */ = {
			isa = XCBuildConfiguration;
			baseConfigurationReference = 906FA2D8BCF2D46A85F9A329 /* Pods-ProductList.debug.xcconfig */;
			buildSettings = {
				ASSETCATALOG_COMPILER_APPICON_NAME = AppIcon;
				ASSETCATALOG_COMPILER_GLOBAL_ACCENT_COLOR_NAME = AccentColor;
				CODE_SIGN_STYLE = Automatic;
				CURRENT_PROJECT_VERSION = 1;
				DEVELOPMENT_TEAM = TUXT9SKF6Y;
				GENERATE_INFOPLIST_FILE = YES;
				INFOPLIST_FILE = ProductList/Info.plist;
				INFOPLIST_KEY_UIApplicationSupportsIndirectInputEvents = YES;
				INFOPLIST_KEY_UILaunchStoryboardName = LaunchScreen;
				INFOPLIST_KEY_UISupportedInterfaceOrientations_iPad = "UIInterfaceOrientationPortrait UIInterfaceOrientationPortraitUpsideDown UIInterfaceOrientationLandscapeLeft UIInterfaceOrientationLandscapeRight";
				INFOPLIST_KEY_UISupportedInterfaceOrientations_iPhone = "UIInterfaceOrientationPortrait UIInterfaceOrientationLandscapeLeft UIInterfaceOrientationLandscapeRight";
				LD_RUNPATH_SEARCH_PATHS = (
					"$(inherited)",
					"@executable_path/Frameworks",
				);
				MARKETING_VERSION = 1.0;
				PRODUCT_BUNDLE_IDENTIFIER = kz.swift.ProductList;
				PRODUCT_NAME = "$(TARGET_NAME)";
				SWIFT_EMIT_LOC_STRINGS = YES;
				SWIFT_VERSION = 5.0;
				TARGETED_DEVICE_FAMILY = "1,2";
			};
			name = Debug;
		};
		F9AE9D3629703F58005F2968 /* Release */ = {
			isa = XCBuildConfiguration;
			baseConfigurationReference = FE1D4F1A26ABB25E9C738B08 /* Pods-ProductList.release.xcconfig */;
			buildSettings = {
				ASSETCATALOG_COMPILER_APPICON_NAME = AppIcon;
				ASSETCATALOG_COMPILER_GLOBAL_ACCENT_COLOR_NAME = AccentColor;
				CODE_SIGN_STYLE = Automatic;
				CURRENT_PROJECT_VERSION = 1;
				DEVELOPMENT_TEAM = TUXT9SKF6Y;
				GENERATE_INFOPLIST_FILE = YES;
				INFOPLIST_FILE = ProductList/Info.plist;
				INFOPLIST_KEY_UIApplicationSupportsIndirectInputEvents = YES;
				INFOPLIST_KEY_UILaunchStoryboardName = LaunchScreen;
				INFOPLIST_KEY_UISupportedInterfaceOrientations_iPad = "UIInterfaceOrientationPortrait UIInterfaceOrientationPortraitUpsideDown UIInterfaceOrientationLandscapeLeft UIInterfaceOrientationLandscapeRight";
				INFOPLIST_KEY_UISupportedInterfaceOrientations_iPhone = "UIInterfaceOrientationPortrait UIInterfaceOrientationLandscapeLeft UIInterfaceOrientationLandscapeRight";
				LD_RUNPATH_SEARCH_PATHS = (
					"$(inherited)",
					"@executable_path/Frameworks",
				);
				MARKETING_VERSION = 1.0;
				PRODUCT_BUNDLE_IDENTIFIER = kz.swift.ProductList;
				PRODUCT_NAME = "$(TARGET_NAME)";
				SWIFT_EMIT_LOC_STRINGS = YES;
				SWIFT_VERSION = 5.0;
				TARGETED_DEVICE_FAMILY = "1,2";
			};
			name = Release;
		};
/* End XCBuildConfiguration section */

/* Begin XCConfigurationList section */
		F9AE9D1B29703F57005F2968 /* Build configuration list for PBXProject "ProductList" */ = {
			isa = XCConfigurationList;
			buildConfigurations = (
				F9AE9D3229703F58005F2968 /* Debug */,
				F9AE9D3329703F58005F2968 /* Release */,
			);
			defaultConfigurationIsVisible = 0;
			defaultConfigurationName = Release;
		};
		F9AE9D3429703F58005F2968 /* Build configuration list for PBXNativeTarget "ProductList" */ = {
			isa = XCConfigurationList;
			buildConfigurations = (
				F9AE9D3529703F58005F2968 /* Debug */,
				F9AE9D3629703F58005F2968 /* Release */,
			);
			defaultConfigurationIsVisible = 0;
			defaultConfigurationName = Release;
		};
/* End XCConfigurationList section */
	};
	rootObject = F9AE9D1829703F57005F2968 /* Project object */;
}
